
Microsoft Visual Studio Solution File, Format Version 12.00
# Visual Studio Version 16
VisualStudioVersion = 16.0.31129.286
MinimumVisualStudioVersion = 10.0.40219.1
Project("{9A19103F-16F7-4668-BE54-9A1E7A4F7556}") = "Google", "Google.csproj", "{988956DD-46D4-4679-9882-D4BA6122C93E}"
EndProject
Global
	GlobalSection(SolutionConfigurationPlatforms) = preSolution
		Debug|Any CPU = Debug|Any CPU
		Release|Any CPU = Release|Any CPU
	EndGlobalSection
	GlobalSection(ProjectConfigurationPlatforms) = postSolution
		{988956DD-46D4-4679-9882-D4BA6122C93E}.Debug|Any CPU.ActiveCfg = Debug|Any CPU
		{988956DD-46D4-4679-9882-D4BA6122C93E}.Debug|Any CPU.Build.0 = Debug|Any CPU
		{988956DD-46D4-4679-9882-D4BA6122C93E}.Release|Any CPU.ActiveCfg = Release|Any CPU
		{988956DD-46D4-4679-9882-D4BA6122C93E}.Release|Any CPU.Build.0 = Release|Any CPU
	EndGlobalSection
	GlobalSection(SolutionProperties) = preSolution
		HideSolutionNode = FALSE
	EndGlobalSection
	GlobalSection(ExtensibilityGlobals) = postSolution
		SolutionGuid = {1360D0E7-3FCE-4FA8-BCCD-EE36EE428FA6}
	EndGlobalSection
EndGlobal
